
Microsoft Visual Studio Solution File, Format Version 12.00
# Visual Studio Version 17
VisualStudioVersion = 17.0.31717.71
MinimumVisualStudioVersion = 10.0.40219.1
Project("{9A19103F-16F7-4668-BE54-9A1E7A4F7556}") = "ShidShare", "ShidShare.csproj", "{7E2678F5-E867-4958-BC91-23006E0E686B}"
EndProject
Global
	GlobalSection(SolutionConfigurationPlatforms) = preSolution
		Debug|Any CPU = Debug|Any CPU
		Release|Any CPU = Release|Any CPU
	EndGlobalSection
	GlobalSection(ProjectConfigurationPlatforms) = postSolution
		{7E2678F5-E867-4958-BC91-23006E0E686B}.Debug|Any CPU.ActiveCfg = Debug|Any CPU
		{7E2678F5-E867-4958-BC91-23006E0E686B}.Debug|Any CPU.Build.0 = Debug|Any CPU
		{7E2678F5-E867-4958-BC91-23006E0E686B}.Release|Any CPU.ActiveCfg = Release|Any CPU
		{7E2678F5-E867-4958-BC91-23006E0E686B}.Release|Any CPU.Build.0 = Release|Any CPU
	EndGlobalSection
	GlobalSection(SolutionProperties) = preSolution
		HideSolutionNode = FALSE
	EndGlobalSection
	GlobalSection(ExtensibilityGlobals) = postSolution
		SolutionGuid = {8EF89F9B-CA06-4A3C-ABE4-E3FD8EB42F96}
	EndGlobalSection
EndGlobal